
Microsoft Visual Studio Solution File, Format Version 12.00
# Visual Studio 15
VisualStudioVersion = 15.0.28307.1145
MinimumVisualStudioVersion = 10.0.40219.1
Project("{8BC9CEB8-8B4A-11D0-8D11-00A0C91BC942}") = "MFCPainter", "MFCPainter\MFCPainter.vcxproj", "{077A6C6B-3524-4C1E-8060-024D6A301F2E}"
EndProject
Global
	GlobalSection(SolutionConfigurationPlatforms) = preSolution
		Debug|x64 = Debug|x64
		Debug|x86 = Debug|x86
		Release|x64 = Release|x64
		Release|x86 = Release|x86
	EndGlobalSection
	GlobalSection(ProjectConfigurationPlatforms) = postSolution
		{077A6C6B-3524-4C1E-8060-024D6A301F2E}.Debug|x64.ActiveCfg = Debug|x64
		{077A6C6B-3524-4C1E-8060-024D6A301F2E}.Debug|x64.Build.0 = Debug|x64
		{077A6C6B-3524-4C1E-8060-024D6A301F2E}.Debug|x86.ActiveCfg = Debug|Win32
		{077A6C6B-3524-4C1E-8060-024D6A301F2E}.Debug|x86.Build.0 = Debug|Win32
		{077A6C6B-3524-4C1E-8060-024D6A301F2E}.Release|x64.ActiveCfg = Release|x64
		{077A6C6B-3524-4C1E-8060-024D6A301F2E}.Release|x64.Build.0 = Release|x64
		{077A6C6B-3524-4C1E-8060-024D6A301F2E}.Release|x86.ActiveCfg = Release|Win32
		{077A6C6B-3524-4C1E-8060-024D6A301F2E}.Release|x86.Build.0 = Release|Win32
	EndGlobalSection
	GlobalSection(SolutionProperties) = preSolution
		HideSolutionNode = FALSE
	EndGlobalSection
	GlobalSection(ExtensibilityGlobals) = postSolution
		SolutionGuid = {5D4EC383-FAFE-420F-A12C-8E7958B640C7}
	EndGlobalSection
EndGlobal
